
Microsoft Visual Studio Solution File, Format Version 12.00
# Visual Studio Version 16
VisualStudioVersion = 16.0.28922.388
MinimumVisualStudioVersion = 10.0.40219.1
Project("{FAE04EC0-301F-11D3-BF4B-00C04F79EFBC}") = "Kata1", "Kata1\Kata1.csproj", "{0717060E-BA87-4581-8D96-B50EC5E78E0E}"
EndProject
Project("{FAE04EC0-301F-11D3-BF4B-00C04F79EFBC}") = "Kata1Test", "Kata1Test\Kata1Test.csproj", "{0930E9FA-3788-4DE7-8FA3-A970D78328C0}"
EndProject
Global
	GlobalSection(SolutionConfigurationPlatforms) = preSolution
		Debug|Any CPU = Debug|Any CPU
		Release|Any CPU = Release|Any CPU
	EndGlobalSection
	GlobalSection(ProjectConfigurationPlatforms) = postSolution
		{0717060E-BA87-4581-8D96-B50EC5E78E0E}.Debug|Any CPU.ActiveCfg = Debug|Any CPU
		{0717060E-BA87-4581-8D96-B50EC5E78E0E}.Debug|Any CPU.Build.0 = Debug|Any CPU
		{0717060E-BA87-4581-8D96-B50EC5E78E0E}.Release|Any CPU.ActiveCfg = Release|Any CPU
		{0717060E-BA87-4581-8D96-B50EC5E78E0E}.Release|Any CPU.Build.0 = Release|Any CPU
		{0930E9FA-3788-4DE7-8FA3-A970D78328C0}.Debug|Any CPU.ActiveCfg = Debug|Any CPU
		{0930E9FA-3788-4DE7-8FA3-A970D78328C0}.Debug|Any CPU.Build.0 = Debug|Any CPU
		{0930E9FA-3788-4DE7-8FA3-A970D78328C0}.Release|Any CPU.ActiveCfg = Release|Any CPU
		{0930E9FA-3788-4DE7-8FA3-A970D78328C0}.Release|Any CPU.Build.0 = Release|Any CPU
	EndGlobalSection
	GlobalSection(SolutionProperties) = preSolution
		HideSolutionNode = FALSE
	EndGlobalSection
	GlobalSection(ExtensibilityGlobals) = postSolution
		SolutionGuid = {A2FCE4CB-A0B8-4BC8-8238-529E93C473E8}
	EndGlobalSection
EndGlobal
